// !$*UTF8*$!
{
	archiveVersion = 1;
	classes = {
	};
	objectVersion = 48;
	objects = {

/* Begin PBXBuildFile section */
		49D3784B202B1CE7007A2696 /* AppDelegate.swift in Sources */ = {isa = PBXBuildFile; fileRef = 49D3784A202B1CE7007A2696 /* AppDelegate.swift */; };
		49D3784D202B1CE7007A2696 /* ViewController.swift in Sources */ = {isa = PBXBuildFile; fileRef = 49D3784C202B1CE7007A2696 /* ViewController.swift */; };
		49D37850202B1CE7007A2696 /* Main.storyboard in Resources */ = {isa = PBXBuildFile; fileRef = 49D3784E202B1CE7007A2696 /* Main.storyboard */; };
		49D37852202B1CE7007A2696 /* Assets.xcassets in Resources */ = {isa = PBXBuildFile; fileRef = 49D37851202B1CE7007A2696 /* Assets.xcassets */; };
		49D37855202B1CE7007A2696 /* LaunchScreen.storyboard in Resources */ = {isa = PBXBuildFile; fileRef = 49D37853202B1CE7007A2696 /* LaunchScreen.storyboard */; };
		49D3785F202B1D5A007A2696 /* wrapper.html in Resources */ = {isa = PBXBuildFile; fileRef = 49D3785E202B1D5A007A2696 /* wrapper.html */; };
		49D37861202B1D8B007A2696 /* NSAttributedString+.swift in Sources */ = {isa = PBXBuildFile; fileRef = 49D37860202B1D8B007A2696 /* NSAttributedString+.swift */; };
/* End PBXBuildFile section */

/* Begin PBXFileReference section */
		49D37847202B1CE7007A2696 /* HTMLWrapTutorial.app */ = {isa = PBXFileReference; explicitFileType = wrapper.application; includeInIndex = 0; path = HTMLWrapTutorial.app; sourceTree = BUILT_PRODUCTS_DIR; };
		49D3784A202B1CE7007A2696 /* AppDelegate.swift */ = {isa = PBXFileReference; lastKnownFileType = sourcecode.swift; path = AppDelegate.swift; sourceTree = "<group>"; };
		49D3784C202B1CE7007A2696 /* ViewController.swift */ = {isa = PBXFileReference; lastKnownFileType = sourcecode.swift; path = ViewController.swift; sourceTree = "<group>"; };
		49D3784F202B1CE7007A2696 /* Base */ = {isa = PBXFileReference; lastKnownFileType = file.storyboard; name = Base; path = Base.lproj/Main.storyboard; sourceTree = "<group>"; };
		49D37851202B1CE7007A2696 /* Assets.xcassets */ = {isa = PBXFileReference; lastKnownFileType = folder.assetcatalog; path = Assets.xcassets; sourceTree = "<group>"; };
		49D37854202B1CE7007A2696 /* Base */ = {isa = PBXFileReference; lastKnownFileType = file.storyboard; name = Base; path = Base.lproj/LaunchScreen.storyboard; sourceTree = "<group>"; };
		49D37856202B1CE7007A2696 /* Info.plist */ = {isa = PBXFileReference; lastKnownFileType = text.plist.xml; path = Info.plist; sourceTree = "<group>"; };
		49D3785E202B1D5A007A2696 /* wrapper.html */ = {isa = PBXFileReference; fileEncoding = 4; lastKnownFileType = text.html; path = wrapper.html; sourceTree = SOURCE_ROOT; };
		49D37860202B1D8B007A2696 /* NSAttributedString+.swift */ = {isa = PBXFileReference; lastKnownFileType = sourcecode.swift; path = "NSAttributedString+.swift"; sourceTree = "<group>"; };
/* End PBXFileReference section */

/* Begin PBXFrameworksBuildPhase section */
		49D37844202B1CE7007A2696 /* Frameworks */ = {
			isa = PBXFrameworksBuildPhase;
			buildActionMask = 2147483647;
			files = (
			);
			runOnlyForDeploymentPostprocessing = 0;
		};
/* End PBXFrameworksBuildPhase section */

/* Begin PBXGroup section */
		49D3783E202B1CE7007A2696 = {
			isa = PBXGroup;
			children = (
				49D37849202B1CE7007A2696 /* HTMLWrapTutorial */,
				49D37848202B1CE7007A2696 /* Products */,
			);
			sourceTree = "<group>";
		};
		49D37848202B1CE7007A2696 /* Products */ = {
			isa = PBXGroup;
			children = (
				49D37847202B1CE7007A2696 /* HTMLWrapTutorial.app */,
			);
			name = Products;
			sourceTree = "<group>";
		};
		49D37849202B1CE7007A2696 /* HTMLWrapTutorial */ = {
			isa = PBXGroup;
			children = (
				49D3785E202B1D5A007A2696 /* wrapper.html */,
				49D3784A202B1CE7007A2696 /* AppDelegate.swift */,
				49D3784C202B1CE7007A2696 /* ViewController.swift */,
				49D37860202B1D8B007A2696 /* NSAttributedString+.swift */,
				49D3784E202B1CE7007A2696 /* Main.storyboard */,
				49D37851202B1CE7007A2696 /* Assets.xcassets */,
				49D37853202B1CE7007A2696 /* LaunchScreen.storyboard */,
				49D37856202B1CE7007A2696 /* Info.plist */,
			);
			path = HTMLWrapTutorial;
			sourceTree = "<group>";
		};
/* End PBXGroup section */

/* Begin PBXNativeTarget section */
		49D37846202B1CE7007A2696 /* HTMLWrapTutorial */ = {
			isa = PBXNativeTarget;
			buildConfigurationList = 49D37859202B1CE7007A2696 /* Build configuration list for PBXNativeTarget "HTMLWrapTutorial" */;
			buildPhases = (
				49D37843202B1CE7007A2696 /* Sources */,
				49D37844202B1CE7007A2696 /* Frameworks */,
				49D37845202B1CE7007A2696 /* Resources */,
			);
			buildRules = (
			);
			dependencies = (
			);
			name = HTMLWrapTutorial;
			productName = HTMLWrapTutorial;
			productReference = 49D37847202B1CE7007A2696 /* HTMLWrapTutorial.app */;
			productType = "com.apple.product-type.application";
		};
/* End PBXNativeTarget section */

/* Begin PBXProject section */
		49D3783F202B1CE7007A2696 /* Project object */ = {
			isa = PBXProject;
			attributes = {
				LastSwiftUpdateCheck = 0920;
				LastUpgradeCheck = 0920;
				ORGANIZATIONNAME = "Jean Raphael Bordet";
				TargetAttributes = {
					49D37846202B1CE7007A2696 = {
						CreatedOnToolsVersion = 9.2;
						ProvisioningStyle = Automatic;
					};
				};
			};
			buildConfigurationList = 49D37842202B1CE7007A2696 /* Build configuration list for PBXProject "HTMLWrapTutorial" */;
			compatibilityVersion = "Xcode 8.0";
			developmentRegion = en;
			hasScannedForEncodings = 0;
			knownRegions = (
				en,
				Base,
			);
			mainGroup = 49D3783E202B1CE7007A2696;
			productRefGroup = 49D37848202B1CE7007A2696 /* Products */;
			projectDirPath = "";
			projectRoot = "";
			targets = (
				49D37846202B1CE7007A2696 /* HTMLWrapTutorial */,
			);
		};
/* End PBXProject section */

/* Begin PBXResourcesBuildPhase section */
		49D37845202B1CE7007A2696 /* Resources */ = {
			isa = PBXResourcesBuildPhase;
			buildActionMask = 2147483647;
			files = (
				49D3785F202B1D5A007A2696 /* wrapper.html in Resources */,
				49D37855202B1CE7007A2696 /* LaunchScreen.storyboard in Resources */,
				49D37852202B1CE7007A2696 /* Assets.xcassets in Resources */,
				49D37850202B1CE7007A2696 /* Main.storyboard in Resources */,
			);
			runOnlyForDeploymentPostprocessing = 0;
		};
/* End PBXResourcesBuildPhase section */

/* Begin PBXSourcesBuildPhase section */
		49D37843202B1CE7007A2696 /* Sources */ = {
			isa = PBXSourcesBuildPhase;
			buildActionMask = 2147483647;
			files = (
				49D3784D202B1CE7007A2696 /* ViewController.swift in Sources */,
				49D37861202B1D8B007A2696 /* NSAttributedString+.swift in Sources */,
				49D3784B202B1CE7007A2696 /* AppDelegate.swift in Sources */,
			);
			runOnlyForDeploymentPostprocessing = 0;
		};
/* End PBXSourcesBuildPhase section */

/* Begin PBXVariantGroup section */
		49D3784E202B1CE7007A2696 /* Main.storyboard */ = {
			isa = PBXVariantGroup;
			children = (
				49D3784F202B1CE7007A2696 /* Base */,
			);
			name = Main.storyboard;
			sourceTree = "<group>";
		};
		49D37853202B1CE7007A2696 /* LaunchScreen.storyboard */ = {
			isa = PBXVariantGroup;
			children = (
				49D37854202B1CE7007A2696 /* Base */,
			);
			name = LaunchScreen.storyboard;
			sourceTree = "<group>";
		};
/* End PBXVariantGroup section */

/* Begin XCBuildConfiguration section */
		49D37857202B1CE7007A2696 /* Debug */ = {
			isa = XCBuildConfiguration;
			buildSettings = {
				ALWAYS_SEARCH_USER_PATHS = NO;
				CLANG_ANALYZER_NONNULL = YES;
				CLANG_ANALYZER_NUMBER_OBJECT_CONVERSION = YES_AGGRESSIVE;
				CLANG_CXX_LANGUAGE_STANDARD = "gnu++14";
				CLANG_CXX_LIBRARY = "libc++";
				CLANG_ENABLE_MODULES = YES;
				CLANG_ENABLE_OBJC_ARC = YES;
				CLANG_WARN_BLOCK_CAPTURE_AUTORELEASING = YES;
				CLANG_WARN_BOOL_CONVERSION = YES;
				CLANG_WARN_COMMA = YES;
				CLANG_WARN_CONSTANT_CONVERSION = YES;
				CLANG_WARN_DIRECT_OBJC_ISA_USAGE = YES_ERROR;
				CLANG_WARN_DOCUMENTATION_COMMENTS = YES;
				CLANG_WARN_EMPTY_BODY = YES;
				CLANG_WARN_ENUM_CONVERSION = YES;
				CLANG_WARN_INFINITE_RECURSION = YES;
				CLANG_WARN_INT_CONVERSION = YES;
				CLANG_WARN_NON_LITERAL_NULL_CONVERSION = YES;
				CLANG_WARN_OBJC_LITERAL_CONVERSION = YES;
				CLANG_WARN_OBJC_ROOT_CLASS = YES_ERROR;
				CLANG_WARN_RANGE_LOOP_ANALYSIS = YES;
				CLANG_WARN_STRICT_PROTOTYPES = YES;
				CLANG_WARN_SUSPICIOUS_MOVE = YES;
				CLANG_WARN_UNGUARDED_AVAILABILITY = YES_AGGRESSIVE;
				CLANG_WARN_UNREACHABLE_CODE = YES;
				CLANG_WARN__DUPLICATE_METHOD_MATCH = YES;
				CODE_SIGN_IDENTITY = "iPhone Developer";
				COPY_PHASE_STRIP = NO;
				DEBUG_INFORMATION_FORMAT = dwarf;
				ENABLE_STRICT_OBJC_MSGSEND = YES;
				ENABLE_TESTABILITY = YES;
				GCC_C_LANGUAGE_STANDARD = gnu11;
				GCC_DYNAMIC_NO_PIC = NO;
				GCC_NO_COMMON_BLOCKS = YES;
				GCC_OPTIMIZATION_LEVEL = 0;
				GCC_PREPROCESSOR_DEFINITIONS = (
					"DEBUG=1",
					"$(inherited)",
				);
				GCC_WARN_64_TO_32_BIT_CONVERSION = YES;
				GCC_WARN_ABOUT_RETURN_TYPE = YES_ERROR;
				GCC_WARN_UNDECLARED_SELECTOR = YES;
				GCC_WARN_UNINITIALIZED_AUTOS = YES_AGGRESSIVE;
				GCC_WARN_UNUSED_FUNCTION = YES;
				GCC_WARN_UNUSED_VARIABLE = YES;
				IPHONEOS_DEPLOYMENT_TARGET = 11.2;
				MTL_ENABLE_DEBUG_INFO = YES;
				ONLY_ACTIVE_ARCH = YES;
				SDKROOT = iphoneos;
				SWIFT_ACTIVE_COMPILATION_CONDITIONS = DEBUG;
				SWIFT_OPTIMIZATION_LEVEL = "-Onone";
			};
			name = Debug;
		};
		49D37858202B1CE7007A2696 /* Release */ = {
			isa = XCBuildConfiguration;
			buildSettings = {
				ALWAYS_SEARCH_USER_PATHS = NO;
				CLANG_ANALYZER_NONNULL = YES;
				CLANG_ANALYZER_NUMBER_OBJECT_CONVERSION = YES_AGGRESSIVE;
				CLANG_CXX_LANGUAGE_STANDARD = "gnu++14";
				CLANG_CXX_LIBRARY = "libc++";
				CLANG_ENABLE_MODULES = YES;
				CLANG_ENABLE_OBJC_ARC = YES;
				CLANG_WARN_BLOCK_CAPTURE_AUTORELEASING = YES;
				CLANG_WARN_BOOL_CONVERSION = YES;
				CLANG_WARN_COMMA = YES;
				CLANG_WARN_CONSTANT_CONVERSION = YES;
				CLANG_WARN_DIRECT_OBJC_ISA_USAGE = YES_ERROR;
				CLANG_WARN_DOCUMENTATION_COMMENTS = YES;
				CLANG_WARN_EMPTY_BODY = YES;
				CLANG_WARN_ENUM_CONVERSION = YES;
				CLANG_WARN_INFINITE_RECURSION = YES;
				CLANG_WARN_INT_CONVERSION = YES;
				CLANG_WARN_NON_LITERAL_NULL_CONVERSION = YES;
				CLANG_WARN_OBJC_LITERAL_CONVERSION = YES;
				CLANG_WARN_OBJC_ROOT_CLASS = YES_ERROR;
				CLANG_WARN_RANGE_LOOP_ANALYSIS = YES;
				CLANG_WARN_STRICT_PROTOTYPES = YES;
				CLANG_WARN_SUSPICIOUS_MOVE = YES;
				CLANG_WARN_UNGUARDED_AVAILABILITY = YES_AGGRESSIVE;
				CLANG_WARN_UNREACHABLE_CODE = YES;
				CLANG_WARN__DUPLICATE_METHOD_MATCH = YES;
				CODE_SIGN_IDENTITY = "iPhone Developer";
				COPY_PHASE_STRIP = NO;
				DEBUG_INFORMATION_FORMAT = "dwarf-with-dsym";
				ENABLE_NS_ASSERTIONS = NO;
				ENABLE_STRICT_OBJC_MSGSEND = YES;
				GCC_C_LANGUAGE_STANDARD = gnu11;
				GCC_NO_COMMON_BLOCKS = YES;
				GCC_WARN_64_TO_32_BIT_CONVERSION = YES;
				GCC_WARN_ABOUT_RETURN_TYPE = YES_ERROR;
				GCC_WARN_UNDECLARED_SELECTOR = YES;
				GCC_WARN_UNINITIALIZED_AUTOS = YES_AGGRESSIVE;
				GCC_WARN_UNUSED_FUNCTION = YES;
				GCC_WARN_UNUSED_VARIABLE = YES;
				IPHONEOS_DEPLOYMENT_TARGET = 11.2;
				MTL_ENABLE_DEBUG_INFO = NO;
				SDKROOT = iphoneos;
				SWIFT_OPTIMIZATION_LEVEL = "-Owholemodule";
				VALIDATE_PRODUCT = YES;
			};
			name = Release;
		};
		49D3785A202B1CE7007A2696 /* Debug */ = {
			isa = XCBuildConfiguration;
			buildSettings = {
				ASSETCATALOG_COMPILER_APPICON_NAME = AppIcon;
				CODE_SIGN_STYLE = Automatic;
				DEVELOPMENT_TEAM = XP6P798NUV;
				INFOPLIST_FILE = HTMLWrapTutorial/Info.plist;
				IPHONEOS_DEPLOYMENT_TARGET = 10.0;
				LD_RUNPATH_SEARCH_PATHS = "$(inherited) @executable_path/Frameworks";
				PRODUCT_BUNDLE_IDENTIFIER = com.jrbordet.HTMLWrapTutorial;
				PRODUCT_NAME = "$(TARGET_NAME)";
				SWIFT_VERSION = 4.0;
				TARGETED_DEVICE_FAMILY = "1,2";
			};
			name = Debug;
		};
		49D3785B202B1CE7007A2696 /* Release */ = {
			isa = XCBuildConfiguration;
			buildSettings = {
				ASSETCATALOG_COMPILER_APPICON_NAME = AppIcon;
				CODE_SIGN_STYLE = Automatic;
				DEVELOPMENT_TEAM = XP6P798NUV;
				INFOPLIST_FILE = HTMLWrapTutorial/Info.plist;
				IPHONEOS_DEPLOYMENT_TARGET = 10.0;
				LD_RUNPATH_SEARCH_PATHS = "$(inherited) @executable_path/Frameworks";
				PRODUCT_BUNDLE_IDENTIFIER = com.jrbordet.HTMLWrapTutorial;
				PRODUCT_NAME = "$(TARGET_NAME)";
				SWIFT_VERSION = 4.0;
				TARGETED_DEVICE_FAMILY = "1,2";
			};
			name = Release;
		};
/* End XCBuildConfiguration section */

/* Begin XCConfigurationList section */
		49D37842202B1CE7007A2696 /* Build configuration list for PBXProject "HTMLWrapTutorial" */ = {
			isa = XCConfigurationList;
			buildConfigurations = (
				49D37857202B1CE7007A2696 /* Debug */,
				49D37858202B1CE7007A2696 /* Release */,
			);
			defaultConfigurationIsVisible = 0;
			defaultConfigurationName = Release;
		};
		49D37859202B1CE7007A2696 /* Build configuration list for PBXNativeTarget "HTMLWrapTutorial" */ = {
			isa = XCConfigurationList;
			buildConfigurations = (
				49D3785A202B1CE7007A2696 /* Debug */,
				49D3785B202B1CE7007A2696 /* Release */,
			);
			defaultConfigurationIsVisible = 0;
			defaultConfigurationName = Release;
		};
/* End XCConfigurationList section */
	};
	rootObject = 49D3783F202B1CE7007A2696 /* Project object */;
}
